
Microsoft Visual Studio Solution File, Format Version 12.00
# Visual Studio Version 17
VisualStudioVersion = 17.9.34518.117
MinimumVisualStudioVersion = 10.0.40219.1
Project("{FAE04EC0-301F-11D3-BF4B-00C04F79EFBC}") = "XML_Project", "XML_Project.csproj", "{812A982C-2355-4CE6-9D80-C844A56188D0}"
EndProject
Global
	GlobalSection(SolutionConfigurationPlatforms) = preSolution
		Debug|Any CPU = Debug|Any CPU
		Release|Any CPU = Release|Any CPU
	EndGlobalSection
	GlobalSection(ProjectConfigurationPlatforms) = postSolution
		{812A982C-2355-4CE6-9D80-C844A56188D0}.Debug|Any CPU.ActiveCfg = Debug|Any CPU
		{812A982C-2355-4CE6-9D80-C844A56188D0}.Debug|Any CPU.Build.0 = Debug|Any CPU
		{812A982C-2355-4CE6-9D80-C844A56188D0}.Release|Any CPU.ActiveCfg = Release|Any CPU
		{812A982C-2355-4CE6-9D80-C844A56188D0}.Release|Any CPU.Build.0 = Release|Any CPU
	EndGlobalSection
	GlobalSection(SolutionProperties) = preSolution
		HideSolutionNode = FALSE
	EndGlobalSection
	GlobalSection(ExtensibilityGlobals) = postSolution
		SolutionGuid = {CB71C223-21AB-4C5B-9779-41C31F38043F}
	EndGlobalSection
EndGlobal
